
Microsoft Visual Studio Solution File, Format Version 12.00
# Visual Studio 2013
VisualStudioVersion = 12.0.0.0
MinimumVisualStudioVersion = 10.0.0.1
Project("{FAE04EC0-301F-11D3-BF4B-00C04F79EFBC}") = "nZadarma", "nZadarma\nZadarma.csproj", "{DA0E7CB3-E730-4D73-9D41-FEAE83B3ADE5}"
EndProject
Project("{FAE04EC0-301F-11D3-BF4B-00C04F79EFBC}") = "nZadarma.Tests", "nZadarma.Tests\nZadarma.Tests.csproj", "{00960DA3-65C6-44FF-ADA6-45702AA6B851}"
EndProject
Project("{FAE04EC0-301F-11D3-BF4B-00C04F79EFBC}") = "NuGet", "NuGet\NuGet.csproj", "{3968CC75-B0EF-4AED-A0AE-0464E8CEF33F}"
EndProject
Global
	GlobalSection(SolutionConfigurationPlatforms) = preSolution
		Debug|Any CPU = Debug|Any CPU
		Release|Any CPU = Release|Any CPU
	EndGlobalSection
	GlobalSection(ProjectConfigurationPlatforms) = postSolution
		{DA0E7CB3-E730-4D73-9D41-FEAE83B3ADE5}.Debug|Any CPU.ActiveCfg = Debug|Any CPU
		{DA0E7CB3-E730-4D73-9D41-FEAE83B3ADE5}.Debug|Any CPU.Build.0 = Debug|Any CPU
		{DA0E7CB3-E730-4D73-9D41-FEAE83B3ADE5}.Release|Any CPU.ActiveCfg = Release|Any CPU
		{DA0E7CB3-E730-4D73-9D41-FEAE83B3ADE5}.Release|Any CPU.Build.0 = Release|Any CPU
		{00960DA3-65C6-44FF-ADA6-45702AA6B851}.Debug|Any CPU.ActiveCfg = Debug|Any CPU
		{00960DA3-65C6-44FF-ADA6-45702AA6B851}.Debug|Any CPU.Build.0 = Debug|Any CPU
		{00960DA3-65C6-44FF-ADA6-45702AA6B851}.Release|Any CPU.ActiveCfg = Release|Any CPU
		{00960DA3-65C6-44FF-ADA6-45702AA6B851}.Release|Any CPU.Build.0 = Release|Any CPU
		{3968CC75-B0EF-4AED-A0AE-0464E8CEF33F}.Debug|Any CPU.ActiveCfg = Debug|Any CPU
		{3968CC75-B0EF-4AED-A0AE-0464E8CEF33F}.Debug|Any CPU.Build.0 = Debug|Any CPU
		{3968CC75-B0EF-4AED-A0AE-0464E8CEF33F}.Release|Any CPU.ActiveCfg = Release|Any CPU
		{3968CC75-B0EF-4AED-A0AE-0464E8CEF33F}.Release|Any CPU.Build.0 = Release|Any CPU
	EndGlobalSection
	GlobalSection(SolutionProperties) = preSolution
		HideSolutionNode = FALSE
	EndGlobalSection
EndGlobal
